
Microsoft Visual Studio Solution File, Format Version 12.00
# Visual Studio Version 16
VisualStudioVersion = 16.0.30225.117
MinimumVisualStudioVersion = 10.0.40219.1
Project("{FAE04EC0-301F-11D3-BF4B-00C04F79EFBC}") = "MvcStok", "MvcStok\MvcStok.csproj", "{7F203BC0-3A07-46AD-BBCB-FE02683A846C}"
EndProject
Global
	GlobalSection(SolutionConfigurationPlatforms) = preSolution
		Debug|Any CPU = Debug|Any CPU
		Release|Any CPU = Release|Any CPU
	EndGlobalSection
	GlobalSection(ProjectConfigurationPlatforms) = postSolution
		{7F203BC0-3A07-46AD-BBCB-FE02683A846C}.Debug|Any CPU.ActiveCfg = Debug|Any CPU
		{7F203BC0-3A07-46AD-BBCB-FE02683A846C}.Debug|Any CPU.Build.0 = Debug|Any CPU
		{7F203BC0-3A07-46AD-BBCB-FE02683A846C}.Release|Any CPU.ActiveCfg = Release|Any CPU
		{7F203BC0-3A07-46AD-BBCB-FE02683A846C}.Release|Any CPU.Build.0 = Release|Any CPU
	EndGlobalSection
	GlobalSection(SolutionProperties) = preSolution
		HideSolutionNode = FALSE
	EndGlobalSection
	GlobalSection(ExtensibilityGlobals) = postSolution
		SolutionGuid = {8F976644-A3A1-4114-92ED-B03EAC7B57CD}
	EndGlobalSection
EndGlobal
